
Microsoft Visual Studio Solution File, Format Version 12.00
# Visual Studio Version 16
VisualStudioVersion = 16.0.29009.5
MinimumVisualStudioVersion = 10.0.40219.1
Project("{FAE04EC0-301F-11D3-BF4B-00C04F79EFBC}") = "Implicit Typing", "Implicit Typing\Implicit Typing.csproj", "{E70FF534-409D-4521-8C66-8714C920D366}"
EndProject
Global
	GlobalSection(SolutionConfigurationPlatforms) = preSolution
		Debug|Any CPU = Debug|Any CPU
		Release|Any CPU = Release|Any CPU
	EndGlobalSection
	GlobalSection(ProjectConfigurationPlatforms) = postSolution
		{E70FF534-409D-4521-8C66-8714C920D366}.Debug|Any CPU.ActiveCfg = Debug|Any CPU
		{E70FF534-409D-4521-8C66-8714C920D366}.Debug|Any CPU.Build.0 = Debug|Any CPU
		{E70FF534-409D-4521-8C66-8714C920D366}.Release|Any CPU.ActiveCfg = Release|Any CPU
		{E70FF534-409D-4521-8C66-8714C920D366}.Release|Any CPU.Build.0 = Release|Any CPU
	EndGlobalSection
	GlobalSection(SolutionProperties) = preSolution
		HideSolutionNode = FALSE
	EndGlobalSection
	GlobalSection(ExtensibilityGlobals) = postSolution
		SolutionGuid = {96544C51-4FCA-4AFA-BBC5-FA86A0D4D31A}
	EndGlobalSection
EndGlobal
